
Microsoft Visual Studio Solution File, Format Version 12.00
# Visual Studio Version 17
VisualStudioVersion = 17.0.31903.59
MinimumVisualStudioVersion = 10.0.40219.1
Project("{2150E333-8FDC-42A3-9474-1A3956D46DE8}") = "src", "src", "{827E0CD3-B72D-47B6-A68D-7590B98EB39B}"
EndProject
Project("{FAE04EC0-301F-11D3-BF4B-00C04F79EFBC}") = "CloudCRM.Core", "src\CloudCRM.Core\CloudCRM.Core.csproj", "{C64078D7-20F7-49EF-B684-5FF01AFF84B7}"
EndProject
Project("{FAE04EC0-301F-11D3-BF4B-00C04F79EFBC}") = "CloudCRM.Application", "src\CloudCRM.Application\CloudCRM.Application.csproj", "{0CF734AC-FD0A-4F43-8469-7D42CD900AB8}"
EndProject
Project("{FAE04EC0-301F-11D3-BF4B-00C04F79EFBC}") = "CloudCRM.Infrastructure", "src\CloudCRM.Infrastructure\CloudCRM.Infrastructure.csproj", "{24E7AB8F-86EF-43E5-8C37-090DE5DEF367}"
EndProject
Project("{2150E333-8FDC-42A3-9474-1A3956D46DE8}") = "tests", "tests", "{0AB3BF05-4346-4AA6-1389-037BE0695223}"
EndProject
Project("{FAE04EC0-301F-11D3-BF4B-00C04F79EFBC}") = "CloudCRM.Tests", "tests\CloudCRM.Tests\CloudCRM.Tests.csproj", "{1329F54F-29CC-4C8B-ABC0-BAB51143B6D6}"
EndProject
Project("{FAE04EC0-301F-11D3-BF4B-00C04F79EFBC}") = "CloudCRM.Web", "src\CloudCRM.Web\CloudCRM.Web.csproj", "{53E33097-F2D0-40DD-AE35-881D516B0991}"
EndProject
Global
	GlobalSection(SolutionConfigurationPlatforms) = preSolution
		Debug|Any CPU = Debug|Any CPU
		Debug|x64 = Debug|x64
		Debug|x86 = Debug|x86
		Release|Any CPU = Release|Any CPU
		Release|x64 = Release|x64
		Release|x86 = Release|x86
	EndGlobalSection
	GlobalSection(ProjectConfigurationPlatforms) = postSolution
		{C64078D7-20F7-49EF-B684-5FF01AFF84B7}.Debug|Any CPU.ActiveCfg = Debug|Any CPU
		{C64078D7-20F7-49EF-B684-5FF01AFF84B7}.Debug|Any CPU.Build.0 = Debug|Any CPU
		{C64078D7-20F7-49EF-B684-5FF01AFF84B7}.Debug|x64.ActiveCfg = Debug|Any CPU
		{C64078D7-20F7-49EF-B684-5FF01AFF84B7}.Debug|x64.Build.0 = Debug|Any CPU
		{C64078D7-20F7-49EF-B684-5FF01AFF84B7}.Debug|x86.ActiveCfg = Debug|Any CPU
		{C64078D7-20F7-49EF-B684-5FF01AFF84B7}.Debug|x86.Build.0 = Debug|Any CPU
		{C64078D7-20F7-49EF-B684-5FF01AFF84B7}.Release|Any CPU.ActiveCfg = Release|Any CPU
		{C64078D7-20F7-49EF-B684-5FF01AFF84B7}.Release|Any CPU.Build.0 = Release|Any CPU
		{C64078D7-20F7-49EF-B684-5FF01AFF84B7}.Release|x64.ActiveCfg = Release|Any CPU
		{C64078D7-20F7-49EF-B684-5FF01AFF84B7}.Release|x64.Build.0 = Release|Any CPU
		{C64078D7-20F7-49EF-B684-5FF01AFF84B7}.Release|x86.ActiveCfg = Release|Any CPU
		{C64078D7-20F7-49EF-B684-5FF01AFF84B7}.Release|x86.Build.0 = Release|Any CPU
		{0CF734AC-FD0A-4F43-8469-7D42CD900AB8}.Debug|Any CPU.ActiveCfg = Debug|Any CPU
		{0CF734AC-FD0A-4F43-8469-7D42CD900AB8}.Debug|Any CPU.Build.0 = Debug|Any CPU
		{0CF734AC-FD0A-4F43-8469-7D42CD900AB8}.Debug|x64.ActiveCfg = Debug|Any CPU
		{0CF734AC-FD0A-4F43-8469-7D42CD900AB8}.Debug|x64.Build.0 = Debug|Any CPU
		{0CF734AC-FD0A-4F43-8469-7D42CD900AB8}.Debug|x86.ActiveCfg = Debug|Any CPU
		{0CF734AC-FD0A-4F43-8469-7D42CD900AB8}.Debug|x86.Build.0 = Debug|Any CPU
		{0CF734AC-FD0A-4F43-8469-7D42CD900AB8}.Release|Any CPU.ActiveCfg = Release|Any CPU
		{0CF734AC-FD0A-4F43-8469-7D42CD900AB8}.Release|Any CPU.Build.0 = Release|Any CPU
		{0CF734AC-FD0A-4F43-8469-7D42CD900AB8}.Release|x64.ActiveCfg = Release|Any CPU
		{0CF734AC-FD0A-4F43-8469-7D42CD900AB8}.Release|x64.Build.0 = Release|Any CPU
		{0CF734AC-FD0A-4F43-8469-7D42CD900AB8}.Release|x86.ActiveCfg = Release|Any CPU
		{0CF734AC-FD0A-4F43-8469-7D42CD900AB8}.Release|x86.Build.0 = Release|Any CPU
		{24E7AB8F-86EF-43E5-8C37-090DE5DEF367}.Debug|Any CPU.ActiveCfg = Debug|Any CPU
		{24E7AB8F-86EF-43E5-8C37-090DE5DEF367}.Debug|Any CPU.Build.0 = Debug|Any CPU
		{24E7AB8F-86EF-43E5-8C37-090DE5DEF367}.Debug|x64.ActiveCfg = Debug|Any CPU
		{24E7AB8F-86EF-43E5-8C37-090DE5DEF367}.Debug|x64.Build.0 = Debug|Any CPU
		{24E7AB8F-86EF-43E5-8C37-090DE5DEF367}.Debug|x86.ActiveCfg = Debug|Any CPU
		{24E7AB8F-86EF-43E5-8C37-090DE5DEF367}.Debug|x86.Build.0 = Debug|Any CPU
		{24E7AB8F-86EF-43E5-8C37-090DE5DEF367}.Release|Any CPU.ActiveCfg = Release|Any CPU
		{24E7AB8F-86EF-43E5-8C37-090DE5DEF367}.Release|Any CPU.Build.0 = Release|Any CPU
		{24E7AB8F-86EF-43E5-8C37-090DE5DEF367}.Release|x64.ActiveCfg = Release|Any CPU
		{24E7AB8F-86EF-43E5-8C37-090DE5DEF367}.Release|x64.Build.0 = Release|Any CPU
		{24E7AB8F-86EF-43E5-8C37-090DE5DEF367}.Release|x86.ActiveCfg = Release|Any CPU
		{24E7AB8F-86EF-43E5-8C37-090DE5DEF367}.Release|x86.Build.0 = Release|Any CPU
		{1329F54F-29CC-4C8B-ABC0-BAB51143B6D6}.Debug|Any CPU.ActiveCfg = Debug|Any CPU
		{1329F54F-29CC-4C8B-ABC0-BAB51143B6D6}.Debug|Any CPU.Build.0 = Debug|Any CPU
		{1329F54F-29CC-4C8B-ABC0-BAB51143B6D6}.Debug|x64.ActiveCfg = Debug|Any CPU
		{1329F54F-29CC-4C8B-ABC0-BAB51143B6D6}.Debug|x64.Build.0 = Debug|Any CPU
		{1329F54F-29CC-4C8B-ABC0-BAB51143B6D6}.Debug|x86.ActiveCfg = Debug|Any CPU
		{1329F54F-29CC-4C8B-ABC0-BAB51143B6D6}.Debug|x86.Build.0 = Debug|Any CPU
		{1329F54F-29CC-4C8B-ABC0-BAB51143B6D6}.Release|Any CPU.ActiveCfg = Release|Any CPU
		{1329F54F-29CC-4C8B-ABC0-BAB51143B6D6}.Release|Any CPU.Build.0 = Release|Any CPU
		{1329F54F-29CC-4C8B-ABC0-BAB51143B6D6}.Release|x64.ActiveCfg = Release|Any CPU
		{1329F54F-29CC-4C8B-ABC0-BAB51143B6D6}.Release|x64.Build.0 = Release|Any CPU
		{1329F54F-29CC-4C8B-ABC0-BAB51143B6D6}.Release|x86.ActiveCfg = Release|Any CPU
		{1329F54F-29CC-4C8B-ABC0-BAB51143B6D6}.Release|x86.Build.0 = Release|Any CPU
		{53E33097-F2D0-40DD-AE35-881D516B0991}.Debug|Any CPU.ActiveCfg = Debug|Any CPU
		{53E33097-F2D0-40DD-AE35-881D516B0991}.Debug|Any CPU.Build.0 = Debug|Any CPU
		{53E33097-F2D0-40DD-AE35-881D516B0991}.Debug|x64.ActiveCfg = Debug|Any CPU
		{53E33097-F2D0-40DD-AE35-881D516B0991}.Debug|x64.Build.0 = Debug|Any CPU
		{53E33097-F2D0-40DD-AE35-881D516B0991}.Debug|x86.ActiveCfg = Debug|Any CPU
		{53E33097-F2D0-40DD-AE35-881D516B0991}.Debug|x86.Build.0 = Debug|Any CPU
		{53E33097-F2D0-40DD-AE35-881D516B0991}.Release|Any CPU.ActiveCfg = Release|Any CPU
		{53E33097-F2D0-40DD-AE35-881D516B0991}.Release|Any CPU.Build.0 = Release|Any CPU
		{53E33097-F2D0-40DD-AE35-881D516B0991}.Release|x64.ActiveCfg = Release|Any CPU
		{53E33097-F2D0-40DD-AE35-881D516B0991}.Release|x64.Build.0 = Release|Any CPU
		{53E33097-F2D0-40DD-AE35-881D516B0991}.Release|x86.ActiveCfg = Release|Any CPU
		{53E33097-F2D0-40DD-AE35-881D516B0991}.Release|x86.Build.0 = Release|Any CPU
	EndGlobalSection
	GlobalSection(SolutionProperties) = preSolution
		HideSolutionNode = FALSE
	EndGlobalSection
	GlobalSection(NestedProjects) = preSolution
		{C64078D7-20F7-49EF-B684-5FF01AFF84B7} = {827E0CD3-B72D-47B6-A68D-7590B98EB39B}
		{0CF734AC-FD0A-4F43-8469-7D42CD900AB8} = {827E0CD3-B72D-47B6-A68D-7590B98EB39B}
		{24E7AB8F-86EF-43E5-8C37-090DE5DEF367} = {827E0CD3-B72D-47B6-A68D-7590B98EB39B}
		{1329F54F-29CC-4C8B-ABC0-BAB51143B6D6} = {0AB3BF05-4346-4AA6-1389-037BE0695223}
		{53E33097-F2D0-40DD-AE35-881D516B0991} = {827E0CD3-B72D-47B6-A68D-7590B98EB39B}
	EndGlobalSection
EndGlobal
